
Microsoft Visual Studio Solution File, Format Version 12.00
# Visual Studio Version 17
VisualStudioVersion = 17.8.34309.116
MinimumVisualStudioVersion = 10.0.40219.1
Project("{8BC9CEB8-8B4A-11D0-8D11-00A0C91BC942}") = "Zadanie 2", "Zadanie 2\Zadanie 2.vcxproj", "{4A83D9F0-65F9-4149-95BC-784DA32BED61}"
EndProject
Global
	GlobalSection(SolutionConfigurationPlatforms) = preSolution
		Debug|x64 = Debug|x64
		Debug|x86 = Debug|x86
		Release|x64 = Release|x64
		Release|x86 = Release|x86
	EndGlobalSection
	GlobalSection(ProjectConfigurationPlatforms) = postSolution
		{4A83D9F0-65F9-4149-95BC-784DA32BED61}.Debug|x64.ActiveCfg = Debug|x64
		{4A83D9F0-65F9-4149-95BC-784DA32BED61}.Debug|x64.Build.0 = Debug|x64
		{4A83D9F0-65F9-4149-95BC-784DA32BED61}.Debug|x86.ActiveCfg = Debug|Win32
		{4A83D9F0-65F9-4149-95BC-784DA32BED61}.Debug|x86.Build.0 = Debug|Win32
		{4A83D9F0-65F9-4149-95BC-784DA32BED61}.Release|x64.ActiveCfg = Release|x64
		{4A83D9F0-65F9-4149-95BC-784DA32BED61}.Release|x64.Build.0 = Release|x64
		{4A83D9F0-65F9-4149-95BC-784DA32BED61}.Release|x86.ActiveCfg = Release|Win32
		{4A83D9F0-65F9-4149-95BC-784DA32BED61}.Release|x86.Build.0 = Release|Win32
	EndGlobalSection
	GlobalSection(SolutionProperties) = preSolution
		HideSolutionNode = FALSE
	EndGlobalSection
	GlobalSection(ExtensibilityGlobals) = postSolution
		SolutionGuid = {88558F8D-C72E-4B4D-ABF9-D19FFA518903}
	EndGlobalSection
EndGlobal
